{
    "name": "dashboard",
    "version": "0.0.0",
    "lockfileVersion": 1,
    "dependencies": {
        "angular2-chartjs": {
            "version": "0.2.0",
            "resolved": "https://registry.npmjs.org/angular2-chartjs/-/angular2-chartjs-0.2.0.tgz",
            "integrity": "sha1-beIcqMzLV01Ncd/PcEC3oeIVM2Y="
        },
        "chart.js": {
            "version": "2.8.0",
            "resolved": "https://registry.npmjs.org/chart.js/-/chart.js-2.8.0.tgz",
            "integrity": "sha512-Di3wUL4BFvqI5FB5K26aQ+hvWh8wnP9A3DWGvXHVkO13D3DSnaSsdZx29cXlEsYKVkn1E2az+ZYFS4t0zi8x0w=="
        },
        "chartjs-color": {
            "version": "2.3.0",
            "resolved": "https://registry.npmjs.org/chartjs-color/-/chartjs-color-2.3.0.tgz",
            "integrity": "sha512-hEvVheqczsoHD+fZ+tfPUE+1+RbV6b+eksp2LwAhwRTVXEjCSEavvk+Hg3H6SZfGlPh/UfmWKGIvZbtobOEm3g=="
        },
        "chartjs-color-string": {
            "version": "0.6.0",
            "resolved": "https://registry.npmjs.org/chartjs-color-string/-/chartjs-color-string-0.6.0.tgz",
            "integrity": "sha512-TIB5OKn1hPJvO7JcteW4WY/63v6KwEdt6udfnDE9iCAZgy+V4SrbSxoIbTw/xkUIapjEI4ExGtD0+6D3KyFd7A=="
        },
        "chartjs-plugin-labels": {
            "version": "1.1.0",
            "resolved": "https://registry.npmjs.org/chartjs-plugin-labels/-/chartjs-plugin-labels-1.1.0.tgz",
            "integrity": "sha512-ab1oiQT7oMnpYDn6h8biL7VZM0qIxtwfhQw1+qH7xe7Ia6lBKX/ks5rEhgI6CZ4PlRRgDFGK9Mf/T2SO9l+NCA=="
        },
        "chartjs-plugin-piechart-outlabels": {
            "version": "0.1.4",
            "resolved": "https://registry.npmjs.org/chartjs-plugin-piechart-outlabels/-/chartjs-plugin-piechart-outlabels-0.1.4.tgz",
            "integrity": "sha1-6X4ZoSIC10+QQNnkZBmHydHkWPw="
        },
        "color-convert": {
            "version": "0.5.3",
            "resolved": "https://registry.npmjs.org/color-convert/-/color-convert-0.5.3.tgz",
            "integrity": "sha1-vbbGnOZg+t/+CwAHzER+G59ygr0="
        },
        "color-name": {
            "version": "1.1.4",
            "resolved": "https://registry.npmjs.org/color-name/-/color-name-1.1.4.tgz",
            "integrity": "sha512-dOy+3AuW3a2wNbZHIuMZpTcgjGuLU/uBL/ubcZF9OXbDo8ff4O8yVp5Bf0efS8uEoYo5q4Fx7dY9OgQGXgAsQA=="
        },
        "moment": {
            "version": "2.24.0",
            "resolved": "https://registry.npmjs.org/moment/-/moment-2.24.0.tgz",
            "integrity": "sha512-bV7f+6l2QigeBBZSM/6yTNq4P2fNpSWj/0e7jQcy87A8e7o2nAfP/34/2ky5Vw4B9S446EtIhodAzkFCcR4dQg=="
        },
        "ng2-charts": {
            "version": "1.6.0",
            "resolved": "https://registry.npmjs.org/ng2-charts/-/ng2-charts-1.6.0.tgz",
            "integrity": "sha512-9w0WH69x5/nuqC1og2WaY39NbaBqTGIP1+5gZaH7/KPN6UEPonNg/pYnsIVklLj1DWPWXKa8+XXIJZ1jy5nLxg=="
        },
        "ng2-nouislider": {
            "version": "1.8.2",
            "resolved": "https://registry.npmjs.org/ng2-nouislider/-/ng2-nouislider-1.8.2.tgz",
            "integrity": "sha512-apCpRxwX/3VapLuPozZkUfM3HAE1unuCm2UdRMDvAHbbY6CLobaZcsWUYQ6b02VzxccyV4G1z0xsq2un8J2Lqw=="
        },
        "nouislider": {
            "version": "13.1.5",
            "resolved": "https://registry.npmjs.org/nouislider/-/nouislider-13.1.5.tgz",
            "integrity": "sha512-RZMuNW1Z4PcxC5q7wUKbr5EweCEnEUii3f2XtjS38VWcG5QjN11zvveRld+lrUwHIOKgfRWeIddZm5Xxfr7zCQ=="
        }
    }
}
